<Solution>
  <Folder Name="/Services/" />
  <Folder Name="/Services/Auth/">
    <Project Path="Auth/MySolution.Api/MySolution.Api.csproj" />
    <Project Path="Auth/MySolution.Application/MySolution.Application.csproj" />
    <Project Path="Auth/MySolution.Domain/MySolution.Domain.csproj" />
    <Project Path="Auth/MySolution.Infrastructure/MySolution.Infrastructure.csproj" />
  </Folder>
  <Folder Name="/Services/Email/">
    <Project Path="Email/MySolution.Email.Api/MySolution.Email.Api.csproj" />
    <Project Path="Email/MySolution.Email.Application/MySolution.Email.Application.csproj" />
    <Project Path="Email/MySolution.Email.Infrastructure/MySolution.Email.Infrastructure.csproj" />
  </Folder>
  <Folder Name="/Tests/">
    <Project Path="Tests/AuthService.UnitTests/AuthService.UnitTests.csproj" />
    <Project Path="Tests/EmailService.UnitTests/EmailService.UnitTests.csproj" />
  </Folder>
  <Project Path="MySolution.Migration/MySolution.Migration.csproj" />
  <Project Path="Shared/Shared.csproj" />
</Solution>
